
Microsoft Visual Studio Solution File, Format Version 12.00
# Visual Studio Version 17
VisualStudioVersion = 17.9.34728.123
MinimumVisualStudioVersion = 10.0.40219.1
Project("{FAE04EC0-301F-11D3-BF4B-00C04F79EFBC}") = "Metotlar", "Metotlar\Metotlar.csproj", "{A222F938-68AE-469F-91EE-DF535F7F34BA}"
EndProject
Project("{FAE04EC0-301F-11D3-BF4B-00C04F79EFBC}") = "Matematik", "Matematik\Matematik.csproj", "{20F90BE3-7FBA-4BBE-A9E6-A5D2F2AB64C4}"
EndProject
Project("{FAE04EC0-301F-11D3-BF4B-00C04F79EFBC}") = "DegerVeReferansTipler", "DegerVeReferansTipler\DegerVeReferansTipler.csproj", "{809E9679-7064-4B90-920B-D2905A0FD462}"
EndProject
Global
	GlobalSection(SolutionConfigurationPlatforms) = preSolution
		Debug|Any CPU = Debug|Any CPU
		Release|Any CPU = Release|Any CPU
	EndGlobalSection
	GlobalSection(ProjectConfigurationPlatforms) = postSolution
		{A222F938-68AE-469F-91EE-DF535F7F34BA}.Debug|Any CPU.ActiveCfg = Debug|Any CPU
		{A222F938-68AE-469F-91EE-DF535F7F34BA}.Debug|Any CPU.Build.0 = Debug|Any CPU
		{A222F938-68AE-469F-91EE-DF535F7F34BA}.Release|Any CPU.ActiveCfg = Release|Any CPU
		{A222F938-68AE-469F-91EE-DF535F7F34BA}.Release|Any CPU.Build.0 = Release|Any CPU
		{20F90BE3-7FBA-4BBE-A9E6-A5D2F2AB64C4}.Debug|Any CPU.ActiveCfg = Debug|Any CPU
		{20F90BE3-7FBA-4BBE-A9E6-A5D2F2AB64C4}.Debug|Any CPU.Build.0 = Debug|Any CPU
		{20F90BE3-7FBA-4BBE-A9E6-A5D2F2AB64C4}.Release|Any CPU.ActiveCfg = Release|Any CPU
		{20F90BE3-7FBA-4BBE-A9E6-A5D2F2AB64C4}.Release|Any CPU.Build.0 = Release|Any CPU
		{809E9679-7064-4B90-920B-D2905A0FD462}.Debug|Any CPU.ActiveCfg = Debug|Any CPU
		{809E9679-7064-4B90-920B-D2905A0FD462}.Debug|Any CPU.Build.0 = Debug|Any CPU
		{809E9679-7064-4B90-920B-D2905A0FD462}.Release|Any CPU.ActiveCfg = Release|Any CPU
		{809E9679-7064-4B90-920B-D2905A0FD462}.Release|Any CPU.Build.0 = Release|Any CPU
	EndGlobalSection
	GlobalSection(SolutionProperties) = preSolution
		HideSolutionNode = FALSE
	EndGlobalSection
	GlobalSection(ExtensibilityGlobals) = postSolution
		SolutionGuid = {E90BEFFE-58B9-47F7-96CC-E48F345639B8}
	EndGlobalSection
EndGlobal
